<?xml version="1.0" encoding="UTF-8"?>
<CodeBlocks_project_file>
	<FileVersion major="1" minor="6"/>
	<Project>
		<Option title="EGoT-DCS-CTA2045"/>
		<Option makefile_is_custom="1"/>
		<Option compiler="gcc"/>
		<Option virtualFolders="CMake Files\;CMake Files\_deps\;CMake Files\_deps\sep-src\;CMake Files\_deps\sep-src\model\;CMake Files\_deps\cea2045-src\;CMake Files\src\;CMake Files\xml_writer\;"/>
		<Build>
			<Target title="all">
				<Option working_dir="/home/pi/Documents/EGoT-DCS"/>
				<Option type="4"/>
				<MakeCommands>
					<Build command="/usr/bin/make -f &quot;/home/pi/Documents/EGoT-DCS/Makefile&quot;  VERBOSE=1 all"/>
					<CompileFile command="/usr/bin/make -f &quot;/home/pi/Documents/EGoT-DCS/Makefile&quot;  VERBOSE=1 &quot;$file&quot;"/>
					<Clean command="/usr/bin/make -f &quot;/home/pi/Documents/EGoT-DCS/Makefile&quot;  VERBOSE=1 clean"/>
					<DistClean command="/usr/bin/make -f &quot;/home/pi/Documents/EGoT-DCS/Makefile&quot;  VERBOSE=1 clean"/>
				</MakeCommands>
			</Target>
			<Target title="install/local">
				<Option working_dir="/home/pi/Documents/EGoT-DCS"/>
				<Option type="4"/>
				<MakeCommands>
					<Build command="/usr/bin/make -f &quot;/home/pi/Documents/EGoT-DCS/Makefile&quot;  VERBOSE=1 install/local"/>
					<CompileFile command="/usr/bin/make -f &quot;/home/pi/Documents/EGoT-DCS/Makefile&quot;  VERBOSE=1 &quot;$file&quot;"/>
					<Clean command="/usr/bin/make -f &quot;/home/pi/Documents/EGoT-DCS/Makefile&quot;  VERBOSE=1 clean"/>
					<DistClean command="/usr/bin/make -f &quot;/home/pi/Documents/EGoT-DCS/Makefile&quot;  VERBOSE=1 clean"/>
				</MakeCommands>
			</Target>
			<Target title="install">
				<Option working_dir="/home/pi/Documents/EGoT-DCS"/>
				<Option type="4"/>
				<MakeCommands>
					<Build command="/usr/bin/make -f &quot;/home/pi/Documents/EGoT-DCS/Makefile&quot;  VERBOSE=1 install"/>
					<CompileFile command="/usr/bin/make -f &quot;/home/pi/Documents/EGoT-DCS/Makefile&quot;  VERBOSE=1 &quot;$file&quot;"/>
					<Clean command="/usr/bin/make -f &quot;/home/pi/Documents/EGoT-DCS/Makefile&quot;  VERBOSE=1 clean"/>
					<DistClean command="/usr/bin/make -f &quot;/home/pi/Documents/EGoT-DCS/Makefile&quot;  VERBOSE=1 clean"/>
				</MakeCommands>
			</Target>
			<Target title="install/strip">
				<Option working_dir="/home/pi/Documents/EGoT-DCS"/>
				<Option type="4"/>
				<MakeCommands>
					<Build command="/usr/bin/make -f &quot;/home/pi/Documents/EGoT-DCS/Makefile&quot;  VERBOSE=1 install/strip"/>
					<CompileFile command="/usr/bin/make -f &quot;/home/pi/Documents/EGoT-DCS/Makefile&quot;  VERBOSE=1 &quot;$file&quot;"/>
					<Clean command="/usr/bin/make -f &quot;/home/pi/Documents/EGoT-DCS/Makefile&quot;  VERBOSE=1 clean"/>
					<DistClean command="/usr/bin/make -f &quot;/home/pi/Documents/EGoT-DCS/Makefile&quot;  VERBOSE=1 clean"/>
				</MakeCommands>
			</Target>
			<Target title="edit_cache">
				<Option working_dir="/home/pi/Documents/EGoT-DCS"/>
				<Option type="4"/>
				<MakeCommands>
					<Build command="/usr/bin/make -f &quot;/home/pi/Documents/EGoT-DCS/Makefile&quot;  VERBOSE=1 edit_cache"/>
					<CompileFile command="/usr/bin/make -f &quot;/home/pi/Documents/EGoT-DCS/Makefile&quot;  VERBOSE=1 &quot;$file&quot;"/>
					<Clean command="/usr/bin/make -f &quot;/home/pi/Documents/EGoT-DCS/Makefile&quot;  VERBOSE=1 clean"/>
					<DistClean command="/usr/bin/make -f &quot;/home/pi/Documents/EGoT-DCS/Makefile&quot;  VERBOSE=1 clean"/>
				</MakeCommands>
			</Target>
			<Target title="list_install_components">
				<Option working_dir="/home/pi/Documents/EGoT-DCS"/>
				<Option type="4"/>
				<MakeCommands>
					<Build command="/usr/bin/make -f &quot;/home/pi/Documents/EGoT-DCS/Makefile&quot;  VERBOSE=1 list_install_components"/>
					<CompileFile command="/usr/bin/make -f &quot;/home/pi/Documents/EGoT-DCS/Makefile&quot;  VERBOSE=1 &quot;$file&quot;"/>
					<Clean command="/usr/bin/make -f &quot;/home/pi/Documents/EGoT-DCS/Makefile&quot;  VERBOSE=1 clean"/>
					<DistClean command="/usr/bin/make -f &quot;/home/pi/Documents/EGoT-DCS/Makefile&quot;  VERBOSE=1 clean"/>
				</MakeCommands>
			</Target>
			<Target title="rebuild_cache">
				<Option working_dir="/home/pi/Documents/EGoT-DCS"/>
				<Option type="4"/>
				<MakeCommands>
					<Build command="/usr/bin/make -f &quot;/home/pi/Documents/EGoT-DCS/Makefile&quot;  VERBOSE=1 rebuild_cache"/>
					<CompileFile command="/usr/bin/make -f &quot;/home/pi/Documents/EGoT-DCS/Makefile&quot;  VERBOSE=1 &quot;$file&quot;"/>
					<Clean command="/usr/bin/make -f &quot;/home/pi/Documents/EGoT-DCS/Makefile&quot;  VERBOSE=1 clean"/>
					<DistClean command="/usr/bin/make -f &quot;/home/pi/Documents/EGoT-DCS/Makefile&quot;  VERBOSE=1 clean"/>
				</MakeCommands>
			</Target>
			<Target title="Model">
				<Option output="/home/pi/Documents/EGoT-DCS/_deps/sep-build/model/libModel.a" prefix_auto="0" extension_auto="0"/>
				<Option working_dir="/home/pi/Documents/EGoT-DCS/_deps/sep-build/model"/>
				<Option object_output="./"/>
				<Option type="2"/>
				<Option compiler="gcc"/>
				<Compiler>
					<Add directory="/home/pi/Documents/EGoT-DCS/_deps/sep-src/model/include"/>
					<Add directory="/usr/include/c++/8"/>
					<Add directory="/usr/include/arm-linux-gnueabihf/c++/8"/>
					<Add directory="/usr/include/c++/8/backward"/>
					<Add directory="/usr/lib/gcc/arm-linux-gnueabihf/8/include"/>
					<Add directory="/usr/local/include"/>
					<Add directory="/usr/lib/gcc/arm-linux-gnueabihf/8/include-fixed"/>
					<Add directory="/usr/include/arm-linux-gnueabihf"/>
					<Add directory="/usr/include"/>
				</Compiler>
				<MakeCommands>
					<Build command="/usr/bin/make -f &quot;/home/pi/Documents/EGoT-DCS/_deps/sep-build/model/Makefile&quot;  VERBOSE=1 Model"/>
					<CompileFile command="/usr/bin/make -f &quot;/home/pi/Documents/EGoT-DCS/_deps/sep-build/model/Makefile&quot;  VERBOSE=1 &quot;$file&quot;"/>
					<Clean command="/usr/bin/make -f &quot;/home/pi/Documents/EGoT-DCS/_deps/sep-build/model/Makefile&quot;  VERBOSE=1 clean"/>
					<DistClean command="/usr/bin/make -f &quot;/home/pi/Documents/EGoT-DCS/_deps/sep-build/model/Makefile&quot;  VERBOSE=1 clean"/>
				</MakeCommands>
			</Target>
			<Target title="Model/fast">
				<Option output="/home/pi/Documents/EGoT-DCS/_deps/sep-build/model/libModel.a" prefix_auto="0" extension_auto="0"/>
				<Option working_dir="/home/pi/Documents/EGoT-DCS/_deps/sep-build/model"/>
				<Option object_output="./"/>
				<Option type="2"/>
				<Option compiler="gcc"/>
				<Compiler>
					<Add directory="/home/pi/Documents/EGoT-DCS/_deps/sep-src/model/include"/>
					<Add directory="/usr/include/c++/8"/>
					<Add directory="/usr/include/arm-linux-gnueabihf/c++/8"/>
					<Add directory="/usr/include/c++/8/backward"/>
					<Add directory="/usr/lib/gcc/arm-linux-gnueabihf/8/include"/>
					<Add directory="/usr/local/include"/>
					<Add directory="/usr/lib/gcc/arm-linux-gnueabihf/8/include-fixed"/>
					<Add directory="/usr/include/arm-linux-gnueabihf"/>
					<Add directory="/usr/include"/>
				</Compiler>
				<MakeCommands>
					<Build command="/usr/bin/make -f &quot;/home/pi/Documents/EGoT-DCS/_deps/sep-build/model/Makefile&quot;  VERBOSE=1 Model/fast"/>
					<CompileFile command="/usr/bin/make -f &quot;/home/pi/Documents/EGoT-DCS/_deps/sep-build/model/Makefile&quot;  VERBOSE=1 &quot;$file&quot;"/>
					<Clean command="/usr/bin/make -f &quot;/home/pi/Documents/EGoT-DCS/_deps/sep-build/model/Makefile&quot;  VERBOSE=1 clean"/>
					<DistClean command="/usr/bin/make -f &quot;/home/pi/Documents/EGoT-DCS/_deps/sep-build/model/Makefile&quot;  VERBOSE=1 clean"/>
				</MakeCommands>
			</Target>
			<Target title="cea2045">
				<Option output="/home/pi/Documents/EGoT-DCS/_deps/cea2045-build/libcea2045.so" prefix_auto="0" extension_auto="0"/>
				<Option working_dir="/home/pi/Documents/EGoT-DCS/_deps/cea2045-build"/>
				<Option object_output="./"/>
				<Option type="3"/>
				<Option compiler="gcc"/>
				<Compiler>
					<Add directory="/home/pi/Documents/EGoT-DCS/_deps/cea2045-src/./cea2045"/>
					<Add directory="/usr/include/c++/8"/>
					<Add directory="/usr/include/arm-linux-gnueabihf/c++/8"/>
					<Add directory="/usr/include/c++/8/backward"/>
					<Add directory="/usr/lib/gcc/arm-linux-gnueabihf/8/include"/>
					<Add directory="/usr/local/include"/>
					<Add directory="/usr/lib/gcc/arm-linux-gnueabihf/8/include-fixed"/>
					<Add directory="/usr/include/arm-linux-gnueabihf"/>
					<Add directory="/usr/include"/>
				</Compiler>
				<MakeCommands>
					<Build command="/usr/bin/make -f &quot;/home/pi/Documents/EGoT-DCS/_deps/cea2045-build/Makefile&quot;  VERBOSE=1 cea2045"/>
					<CompileFile command="/usr/bin/make -f &quot;/home/pi/Documents/EGoT-DCS/_deps/cea2045-build/Makefile&quot;  VERBOSE=1 &quot;$file&quot;"/>
					<Clean command="/usr/bin/make -f &quot;/home/pi/Documents/EGoT-DCS/_deps/cea2045-build/Makefile&quot;  VERBOSE=1 clean"/>
					<DistClean command="/usr/bin/make -f &quot;/home/pi/Documents/EGoT-DCS/_deps/cea2045-build/Makefile&quot;  VERBOSE=1 clean"/>
				</MakeCommands>
			</Target>
			<Target title="cea2045/fast">
				<Option output="/home/pi/Documents/EGoT-DCS/_deps/cea2045-build/libcea2045.so" prefix_auto="0" extension_auto="0"/>
				<Option working_dir="/home/pi/Documents/EGoT-DCS/_deps/cea2045-build"/>
				<Option object_output="./"/>
				<Option type="3"/>
				<Option compiler="gcc"/>
				<Compiler>
					<Add directory="/home/pi/Documents/EGoT-DCS/_deps/cea2045-src/./cea2045"/>
					<Add directory="/usr/include/c++/8"/>
					<Add directory="/usr/include/arm-linux-gnueabihf/c++/8"/>
					<Add directory="/usr/include/c++/8/backward"/>
					<Add directory="/usr/lib/gcc/arm-linux-gnueabihf/8/include"/>
					<Add directory="/usr/local/include"/>
					<Add directory="/usr/lib/gcc/arm-linux-gnueabihf/8/include-fixed"/>
					<Add directory="/usr/include/arm-linux-gnueabihf"/>
					<Add directory="/usr/include"/>
				</Compiler>
				<MakeCommands>
					<Build command="/usr/bin/make -f &quot;/home/pi/Documents/EGoT-DCS/_deps/cea2045-build/Makefile&quot;  VERBOSE=1 cea2045/fast"/>
					<CompileFile command="/usr/bin/make -f &quot;/home/pi/Documents/EGoT-DCS/_deps/cea2045-build/Makefile&quot;  VERBOSE=1 &quot;$file&quot;"/>
					<Clean command="/usr/bin/make -f &quot;/home/pi/Documents/EGoT-DCS/_deps/cea2045-build/Makefile&quot;  VERBOSE=1 clean"/>
					<DistClean command="/usr/bin/make -f &quot;/home/pi/Documents/EGoT-DCS/_deps/cea2045-build/Makefile&quot;  VERBOSE=1 clean"/>
				</MakeCommands>
			</Target>
			<Target title="app">
				<Option output="/home/pi/Documents/EGoT-DCS/src/app" prefix_auto="0" extension_auto="0"/>
				<Option working_dir="/home/pi/Documents/EGoT-DCS/src"/>
				<Option object_output="./"/>
				<Option type="1"/>
				<Option compiler="gcc"/>
				<Compiler>
					<Add directory="/home/pi/Documents/EGoT-DCS/_deps/cea2045-src/cea2045"/>
					<Add directory="/usr/include"/>
					<Add directory="/usr/include/c++/8"/>
					<Add directory="/usr/include/arm-linux-gnueabihf/c++/8"/>
					<Add directory="/usr/include/c++/8/backward"/>
					<Add directory="/usr/lib/gcc/arm-linux-gnueabihf/8/include"/>
					<Add directory="/usr/local/include"/>
					<Add directory="/usr/lib/gcc/arm-linux-gnueabihf/8/include-fixed"/>
					<Add directory="/usr/include/arm-linux-gnueabihf"/>
				</Compiler>
				<MakeCommands>
					<Build command="/usr/bin/make -f &quot;/home/pi/Documents/EGoT-DCS/src/Makefile&quot;  VERBOSE=1 app"/>
					<CompileFile command="/usr/bin/make -f &quot;/home/pi/Documents/EGoT-DCS/src/Makefile&quot;  VERBOSE=1 &quot;$file&quot;"/>
					<Clean command="/usr/bin/make -f &quot;/home/pi/Documents/EGoT-DCS/src/Makefile&quot;  VERBOSE=1 clean"/>
					<DistClean command="/usr/bin/make -f &quot;/home/pi/Documents/EGoT-DCS/src/Makefile&quot;  VERBOSE=1 clean"/>
				</MakeCommands>
			</Target>
			<Target title="app/fast">
				<Option output="/home/pi/Documents/EGoT-DCS/src/app" prefix_auto="0" extension_auto="0"/>
				<Option working_dir="/home/pi/Documents/EGoT-DCS/src"/>
				<Option object_output="./"/>
				<Option type="1"/>
				<Option compiler="gcc"/>
				<Compiler>
					<Add directory="/home/pi/Documents/EGoT-DCS/_deps/cea2045-src/cea2045"/>
					<Add directory="/usr/include"/>
					<Add directory="/usr/include/c++/8"/>
					<Add directory="/usr/include/arm-linux-gnueabihf/c++/8"/>
					<Add directory="/usr/include/c++/8/backward"/>
					<Add directory="/usr/lib/gcc/arm-linux-gnueabihf/8/include"/>
					<Add directory="/usr/local/include"/>
					<Add directory="/usr/lib/gcc/arm-linux-gnueabihf/8/include-fixed"/>
					<Add directory="/usr/include/arm-linux-gnueabihf"/>
				</Compiler>
				<MakeCommands>
					<Build command="/usr/bin/make -f &quot;/home/pi/Documents/EGoT-DCS/src/Makefile&quot;  VERBOSE=1 app/fast"/>
					<CompileFile command="/usr/bin/make -f &quot;/home/pi/Documents/EGoT-DCS/src/Makefile&quot;  VERBOSE=1 &quot;$file&quot;"/>
					<Clean command="/usr/bin/make -f &quot;/home/pi/Documents/EGoT-DCS/src/Makefile&quot;  VERBOSE=1 clean"/>
					<DistClean command="/usr/bin/make -f &quot;/home/pi/Documents/EGoT-DCS/src/Makefile&quot;  VERBOSE=1 clean"/>
				</MakeCommands>
			</Target>
			<Target title="announcer">
				<Option output="/home/pi/Documents/EGoT-DCS/xml_writer/announcer" prefix_auto="0" extension_auto="0"/>
				<Option working_dir="/home/pi/Documents/EGoT-DCS/xml_writer"/>
				<Option object_output="./"/>
				<Option type="1"/>
				<Option compiler="gcc"/>
				<Compiler>
					<Add directory="/home/pi/Documents/EGoT-DCS/_deps/cea2045-src/cea2045"/>
					<Add directory="/usr/include"/>
					<Add directory="/usr/include/c++/8"/>
					<Add directory="/usr/include/arm-linux-gnueabihf/c++/8"/>
					<Add directory="/usr/include/c++/8/backward"/>
					<Add directory="/usr/lib/gcc/arm-linux-gnueabihf/8/include"/>
					<Add directory="/usr/local/include"/>
					<Add directory="/usr/lib/gcc/arm-linux-gnueabihf/8/include-fixed"/>
					<Add directory="/usr/include/arm-linux-gnueabihf"/>
				</Compiler>
				<MakeCommands>
					<Build command="/usr/bin/make -f &quot;/home/pi/Documents/EGoT-DCS/xml_writer/Makefile&quot;  VERBOSE=1 announcer"/>
					<CompileFile command="/usr/bin/make -f &quot;/home/pi/Documents/EGoT-DCS/xml_writer/Makefile&quot;  VERBOSE=1 &quot;$file&quot;"/>
					<Clean command="/usr/bin/make -f &quot;/home/pi/Documents/EGoT-DCS/xml_writer/Makefile&quot;  VERBOSE=1 clean"/>
					<DistClean command="/usr/bin/make -f &quot;/home/pi/Documents/EGoT-DCS/xml_writer/Makefile&quot;  VERBOSE=1 clean"/>
				</MakeCommands>
			</Target>
			<Target title="announcer/fast">
				<Option output="/home/pi/Documents/EGoT-DCS/xml_writer/announcer" prefix_auto="0" extension_auto="0"/>
				<Option working_dir="/home/pi/Documents/EGoT-DCS/xml_writer"/>
				<Option object_output="./"/>
				<Option type="1"/>
				<Option compiler="gcc"/>
				<Compiler>
					<Add directory="/home/pi/Documents/EGoT-DCS/_deps/cea2045-src/cea2045"/>
					<Add directory="/usr/include"/>
					<Add directory="/usr/include/c++/8"/>
					<Add directory="/usr/include/arm-linux-gnueabihf/c++/8"/>
					<Add directory="/usr/include/c++/8/backward"/>
					<Add directory="/usr/lib/gcc/arm-linux-gnueabihf/8/include"/>
					<Add directory="/usr/local/include"/>
					<Add directory="/usr/lib/gcc/arm-linux-gnueabihf/8/include-fixed"/>
					<Add directory="/usr/include/arm-linux-gnueabihf"/>
				</Compiler>
				<MakeCommands>
					<Build command="/usr/bin/make -f &quot;/home/pi/Documents/EGoT-DCS/xml_writer/Makefile&quot;  VERBOSE=1 announcer/fast"/>
					<CompileFile command="/usr/bin/make -f &quot;/home/pi/Documents/EGoT-DCS/xml_writer/Makefile&quot;  VERBOSE=1 &quot;$file&quot;"/>
					<Clean command="/usr/bin/make -f &quot;/home/pi/Documents/EGoT-DCS/xml_writer/Makefile&quot;  VERBOSE=1 clean"/>
					<DistClean command="/usr/bin/make -f &quot;/home/pi/Documents/EGoT-DCS/xml_writer/Makefile&quot;  VERBOSE=1 clean"/>
				</MakeCommands>
			</Target>
		</Build>
		<Unit filename="/home/pi/Documents/EGoT-DCS/_deps/cea2045-src/cea2045/cea2045/communicationport/CEA2045SerialPort.cpp">
			<Option target="cea2045"/>
		</Unit>
		<Unit filename="/home/pi/Documents/EGoT-DCS/_deps/cea2045-src/cea2045/cea2045/communicationport/CEA2045SerialPort.h">
			<Option target="cea2045"/>
		</Unit>
		<Unit filename="/home/pi/Documents/EGoT-DCS/_deps/cea2045-src/cea2045/cea2045/device/CEA2045Device.cpp">
			<Option target="cea2045"/>
		</Unit>
		<Unit filename="/home/pi/Documents/EGoT-DCS/_deps/cea2045-src/cea2045/cea2045/device/CEA2045Device.h">
			<Option target="cea2045"/>
		</Unit>
		<Unit filename="/home/pi/Documents/EGoT-DCS/_deps/cea2045-src/cea2045/cea2045/device/CEA2045DeviceUCM.cpp">
			<Option target="cea2045"/>
		</Unit>
		<Unit filename="/home/pi/Documents/EGoT-DCS/_deps/cea2045-src/cea2045/cea2045/device/CEA2045DeviceUCM.h">
			<Option target="cea2045"/>
		</Unit>
		<Unit filename="/home/pi/Documents/EGoT-DCS/_deps/cea2045-src/cea2045/cea2045/device/DeviceFactory.cpp">
			<Option target="cea2045"/>
		</Unit>
		<Unit filename="/home/pi/Documents/EGoT-DCS/_deps/cea2045-src/cea2045/cea2045/device/DeviceFactory.h">
			<Option target="cea2045"/>
		</Unit>
		<Unit filename="/home/pi/Documents/EGoT-DCS/_deps/cea2045-src/cea2045/cea2045/device/ICEA2045Device.cpp">
			<Option target="cea2045"/>
		</Unit>
		<Unit filename="/home/pi/Documents/EGoT-DCS/_deps/cea2045-src/cea2045/cea2045/device/ICEA2045Device.h">
			<Option target="cea2045"/>
		</Unit>
		<Unit filename="/home/pi/Documents/EGoT-DCS/_deps/cea2045-src/cea2045/cea2045/device/MessageHandler.cpp">
			<Option target="cea2045"/>
		</Unit>
		<Unit filename="/home/pi/Documents/EGoT-DCS/_deps/cea2045-src/cea2045/cea2045/device/MessageHandler.h">
			<Option target="cea2045"/>
		</Unit>
		<Unit filename="/home/pi/Documents/EGoT-DCS/_deps/cea2045-src/cea2045/cea2045/device/message/Basic.cpp">
			<Option target="cea2045"/>
		</Unit>
		<Unit filename="/home/pi/Documents/EGoT-DCS/_deps/cea2045-src/cea2045/cea2045/device/message/Basic.h">
			<Option target="cea2045"/>
		</Unit>
		<Unit filename="/home/pi/Documents/EGoT-DCS/_deps/cea2045-src/cea2045/cea2045/device/message/Intermediate.cpp">
			<Option target="cea2045"/>
		</Unit>
		<Unit filename="/home/pi/Documents/EGoT-DCS/_deps/cea2045-src/cea2045/cea2045/device/message/Intermediate.h">
			<Option target="cea2045"/>
		</Unit>
		<Unit filename="/home/pi/Documents/EGoT-DCS/_deps/cea2045-src/cea2045/cea2045/device/message/Message.cpp">
			<Option target="cea2045"/>
		</Unit>
		<Unit filename="/home/pi/Documents/EGoT-DCS/_deps/cea2045-src/cea2045/cea2045/device/message/Message.h">
			<Option target="cea2045"/>
		</Unit>
		<Unit filename="/home/pi/Documents/EGoT-DCS/_deps/cea2045-src/cea2045/cea2045/device/message/QueryMaxPayload.cpp">
			<Option target="cea2045"/>
		</Unit>
		<Unit filename="/home/pi/Documents/EGoT-DCS/_deps/cea2045-src/cea2045/cea2045/device/message/QueryMaxPayload.h">
			<Option target="cea2045"/>
		</Unit>
		<Unit filename="/home/pi/Documents/EGoT-DCS/_deps/cea2045-src/cea2045/cea2045/device/message/QueryMessageTypeSupported.cpp">
			<Option target="cea2045"/>
		</Unit>
		<Unit filename="/home/pi/Documents/EGoT-DCS/_deps/cea2045-src/cea2045/cea2045/device/message/QueryMessageTypeSupported.h">
			<Option target="cea2045"/>
		</Unit>
		<Unit filename="/home/pi/Documents/EGoT-DCS/_deps/cea2045-src/cea2045/cea2045/device/message/SetEnergyPrice.cpp">
			<Option target="cea2045"/>
		</Unit>
		<Unit filename="/home/pi/Documents/EGoT-DCS/_deps/cea2045-src/cea2045/cea2045/device/message/SetEnergyPrice.h">
			<Option target="cea2045"/>
		</Unit>
		<Unit filename="/home/pi/Documents/EGoT-DCS/_deps/cea2045-src/cea2045/cea2045/device/message/SetSetpoints.cpp">
			<Option target="cea2045"/>
		</Unit>
		<Unit filename="/home/pi/Documents/EGoT-DCS/_deps/cea2045-src/cea2045/cea2045/device/message/SetSetpoints.h">
			<Option target="cea2045"/>
		</Unit>
		<Unit filename="/home/pi/Documents/EGoT-DCS/_deps/cea2045-src/cea2045/cea2045/device/message/SetTemperatureOffset.cpp">
			<Option target="cea2045"/>
		</Unit>
		<Unit filename="/home/pi/Documents/EGoT-DCS/_deps/cea2045-src/cea2045/cea2045/device/message/SetTemperatureOffset.h">
			<Option target="cea2045"/>
		</Unit>
		<Unit filename="/home/pi/Documents/EGoT-DCS/_deps/cea2045-src/cea2045/cea2045/device/message/StartCycling.cpp">
			<Option target="cea2045"/>
		</Unit>
		<Unit filename="/home/pi/Documents/EGoT-DCS/_deps/cea2045-src/cea2045/cea2045/device/message/StartCycling.h">
			<Option target="cea2045"/>
		</Unit>
		<Unit filename="/home/pi/Documents/EGoT-DCS/_deps/cea2045-src/cea2045/cea2045/device/message/TerminateCycling.cpp">
			<Option target="cea2045"/>
		</Unit>
		<Unit filename="/home/pi/Documents/EGoT-DCS/_deps/cea2045-src/cea2045/cea2045/device/message/TerminateCycling.h">
			<Option target="cea2045"/>
		</Unit>
		<Unit filename="/home/pi/Documents/EGoT-DCS/_deps/cea2045-src/cea2045/cea2045/linklayer/ILinkLayerCommRecv.cpp">
			<Option target="cea2045"/>
		</Unit>
		<Unit filename="/home/pi/Documents/EGoT-DCS/_deps/cea2045-src/cea2045/cea2045/linklayer/ILinkLayerCommRecv.h">
			<Option target="cea2045"/>
		</Unit>
		<Unit filename="/home/pi/Documents/EGoT-DCS/_deps/cea2045-src/cea2045/cea2045/linklayer/LinkLayerCommImpl.cpp">
			<Option target="cea2045"/>
		</Unit>
		<Unit filename="/home/pi/Documents/EGoT-DCS/_deps/cea2045-src/cea2045/cea2045/linklayer/LinkLayerCommImpl.h">
			<Option target="cea2045"/>
		</Unit>
		<Unit filename="/home/pi/Documents/EGoT-DCS/_deps/cea2045-src/cea2045/cea2045/linklayer/ReceiveBuffer.cpp">
			<Option target="cea2045"/>
		</Unit>
		<Unit filename="/home/pi/Documents/EGoT-DCS/_deps/cea2045-src/cea2045/cea2045/linklayer/ReceiveBuffer.h">
			<Option target="cea2045"/>
		</Unit>
		<Unit filename="/home/pi/Documents/EGoT-DCS/_deps/cea2045-src/cea2045/cea2045/message/ConvertEnums.cpp">
			<Option target="cea2045"/>
		</Unit>
		<Unit filename="/home/pi/Documents/EGoT-DCS/_deps/cea2045-src/cea2045/cea2045/message/ConvertEnums.h">
			<Option target="cea2045"/>
		</Unit>
		<Unit filename="/home/pi/Documents/EGoT-DCS/_deps/cea2045-src/cea2045/cea2045/processmessage/ProcessMessageSGD.cpp">
			<Option target="cea2045"/>
		</Unit>
		<Unit filename="/home/pi/Documents/EGoT-DCS/_deps/cea2045-src/cea2045/cea2045/processmessage/ProcessMessageSGD.h">
			<Option target="cea2045"/>
		</Unit>
		<Unit filename="/home/pi/Documents/EGoT-DCS/_deps/cea2045-src/cea2045/cea2045/processmessage/ProcessMessageUCM.cpp">
			<Option target="cea2045"/>
		</Unit>
		<Unit filename="/home/pi/Documents/EGoT-DCS/_deps/cea2045-src/cea2045/cea2045/processmessage/ProcessMessageUCM.h">
			<Option target="cea2045"/>
		</Unit>
		<Unit filename="/home/pi/Documents/EGoT-DCS/_deps/cea2045-src/cea2045/cea2045/util/CEA2045Time.cpp">
			<Option target="cea2045"/>
		</Unit>
		<Unit filename="/home/pi/Documents/EGoT-DCS/_deps/cea2045-src/cea2045/cea2045/util/CEA2045Time.h">
			<Option target="cea2045"/>
		</Unit>
		<Unit filename="/home/pi/Documents/EGoT-DCS/_deps/cea2045-src/cea2045/cea2045/util/Checksum.cpp">
			<Option target="cea2045"/>
		</Unit>
		<Unit filename="/home/pi/Documents/EGoT-DCS/_deps/cea2045-src/cea2045/cea2045/util/Checksum.h">
			<Option target="cea2045"/>
		</Unit>
		<Unit filename="/home/pi/Documents/EGoT-DCS/_deps/cea2045-src/cea2045/cea2045/util/MSTimer.cpp">
			<Option target="cea2045"/>
		</Unit>
		<Unit filename="/home/pi/Documents/EGoT-DCS/_deps/cea2045-src/cea2045/cea2045/util/MSTimer.h">
			<Option target="cea2045"/>
		</Unit>
		<Unit filename="/home/pi/Documents/EGoT-DCS/_deps/sep-src/model/active_power.cpp">
			<Option target="Model"/>
		</Unit>
		<Unit filename="/home/pi/Documents/EGoT-DCS/_deps/sep-src/model/date_time_interval.cpp">
			<Option target="Model"/>
		</Unit>
		<Unit filename="/home/pi/Documents/EGoT-DCS/_deps/sep-src/model/der_control.cpp">
			<Option target="Model"/>
		</Unit>
		<Unit filename="/home/pi/Documents/EGoT-DCS/_deps/sep-src/model/der_control_base.cpp">
			<Option target="Model"/>
		</Unit>
		<Unit filename="/home/pi/Documents/EGoT-DCS/_deps/sep-src/model/end_device_control.cpp">
			<Option target="Model"/>
		</Unit>
		<Unit filename="/home/pi/Documents/EGoT-DCS/_deps/sep-src/model/event.cpp">
			<Option target="Model"/>
		</Unit>
		<Unit filename="/home/pi/Documents/EGoT-DCS/_deps/sep-src/model/event_status.cpp">
			<Option target="Model"/>
		</Unit>
		<Unit filename="/home/pi/Documents/EGoT-DCS/_deps/sep-src/model/fixed_var.cpp">
			<Option target="Model"/>
		</Unit>
		<Unit filename="/home/pi/Documents/EGoT-DCS/_deps/sep-src/model/flow_reservation_request.cpp">
			<Option target="Model"/>
		</Unit>
		<Unit filename="/home/pi/Documents/EGoT-DCS/_deps/sep-src/model/flow_reservation_response.cpp">
			<Option target="Model"/>
		</Unit>
		<Unit filename="/home/pi/Documents/EGoT-DCS/_deps/sep-src/model/freq_droop_type.cpp">
			<Option target="Model"/>
		</Unit>
		<Unit filename="/home/pi/Documents/EGoT-DCS/_deps/sep-src/model/offset.cpp">
			<Option target="Model"/>
		</Unit>
		<Unit filename="/home/pi/Documents/EGoT-DCS/_deps/sep-src/model/per_cent.cpp">
			<Option target="Model"/>
		</Unit>
		<Unit filename="/home/pi/Documents/EGoT-DCS/_deps/sep-src/model/power_factor_with_excitation.cpp">
			<Option target="Model"/>
		</Unit>
		<Unit filename="/home/pi/Documents/EGoT-DCS/_deps/sep-src/model/randomizable_event.cpp">
			<Option target="Model"/>
		</Unit>
		<Unit filename="/home/pi/Documents/EGoT-DCS/_deps/sep-src/model/reactive_power.cpp">
			<Option target="Model"/>
		</Unit>
		<Unit filename="/home/pi/Documents/EGoT-DCS/_deps/sep-src/model/request_status.cpp">
			<Option target="Model"/>
		</Unit>
		<Unit filename="/home/pi/Documents/EGoT-DCS/_deps/sep-src/model/resource.cpp">
			<Option target="Model"/>
		</Unit>
		<Unit filename="/home/pi/Documents/EGoT-DCS/_deps/sep-src/model/respondable_resource.cpp">
			<Option target="Model"/>
		</Unit>
		<Unit filename="/home/pi/Documents/EGoT-DCS/_deps/sep-src/model/respondable_subscribable_identified_object.cpp">
			<Option target="Model"/>
		</Unit>
		<Unit filename="/home/pi/Documents/EGoT-DCS/_deps/sep-src/model/set_point.cpp">
			<Option target="Model"/>
		</Unit>
		<Unit filename="/home/pi/Documents/EGoT-DCS/_deps/sep-src/model/signed_per_cent.cpp">
			<Option target="Model"/>
		</Unit>
		<Unit filename="/home/pi/Documents/EGoT-DCS/_deps/sep-src/model/signed_real_energy.cpp">
			<Option target="Model"/>
		</Unit>
		<Unit filename="/home/pi/Documents/EGoT-DCS/_deps/sep-src/model/subscribable_resource.cpp">
			<Option target="Model"/>
		</Unit>
		<Unit filename="/home/pi/Documents/EGoT-DCS/_deps/sep-src/model/target_reduction.cpp">
			<Option target="Model"/>
		</Unit>
		<Unit filename="/home/pi/Documents/EGoT-DCS/_deps/sep-src/model/version_information.cpp">
			<Option target="Model"/>
		</Unit>
		<Unit filename="/home/pi/Documents/EGoT-DCS/src/CTA2045Translator.cpp">
			<Option target="app"/>
		</Unit>
		<Unit filename="/home/pi/Documents/EGoT-DCS/src/CTA2045Translator.h">
			<Option target="app"/>
		</Unit>
		<Unit filename="/home/pi/Documents/EGoT-DCS/src/DCM.cpp">
			<Option target="app"/>
		</Unit>
		<Unit filename="/home/pi/Documents/EGoT-DCS/src/DCMImpl.cpp">
			<Option target="app"/>
		</Unit>
		<Unit filename="/home/pi/Documents/EGoT-DCS/src/DCMImpl.h">
			<Option target="app"/>
		</Unit>
		<Unit filename="/home/pi/Documents/EGoT-DCS/src/UCMImpl.cpp">
			<Option target="app"/>
		</Unit>
		<Unit filename="/home/pi/Documents/EGoT-DCS/src/UCMImpl.h">
			<Option target="app"/>
		</Unit>
		<Unit filename="/home/pi/Documents/EGoT-DCS/xml_writer/abstract_command.cpp">
			<Option target="announcer"/>
		</Unit>
		<Unit filename="/home/pi/Documents/EGoT-DCS/xml_writer/abstract_command.h">
			<Option target="announcer"/>
		</Unit>
		<Unit filename="/home/pi/Documents/EGoT-DCS/xml_writer/announce_xml.cpp">
			<Option target="announcer"/>
		</Unit>
		<Unit filename="/home/pi/Documents/EGoT-DCS/xml_writer/announce_xml.h">
			<Option target="announcer"/>
		</Unit>
		<Unit filename="/home/pi/Documents/EGoT-DCS/xml_writer/main.cpp">
			<Option target="announcer"/>
		</Unit>
		<Unit filename="/home/pi/Documents/EGoT-DCS/CMakeLists.txt">
			<Option virtualFolder="CMake Files\"/>
		</Unit>
		<Unit filename="/home/pi/Documents/EGoT-DCS/_deps/sep-src/CMakeLists.txt">
			<Option virtualFolder="CMake Files\_deps\sep-src\"/>
		</Unit>
		<Unit filename="/home/pi/Documents/EGoT-DCS/_deps/sep-src/SEPConfig.cmake.in">
			<Option virtualFolder="CMake Files\_deps\sep-src\"/>
		</Unit>
		<Unit filename="/home/pi/Documents/EGoT-DCS/_deps/sep-src/model/CMakeLists.txt">
			<Option virtualFolder="CMake Files\_deps\sep-src\model\"/>
		</Unit>
		<Unit filename="/home/pi/Documents/EGoT-DCS/_deps/cea2045-src/CMakeLists.txt">
			<Option virtualFolder="CMake Files\_deps\cea2045-src\"/>
		</Unit>
		<Unit filename="/home/pi/Documents/EGoT-DCS/src/CMakeLists.txt">
			<Option virtualFolder="CMake Files\src\"/>
		</Unit>
		<Unit filename="/home/pi/Documents/EGoT-DCS/xml_writer/CMakeLists.txt">
			<Option virtualFolder="CMake Files\xml_writer\"/>
		</Unit>
	</Project>
</CodeBlocks_project_file>
